# This file is automatically @generated by Cargo.
# It is not intended for manual editing.
version = 4

[[package]]
name = "rfe-byzantine-federation"
version = "1.0.0"
dependencies = [
 "rfe-canonical",
]

[[package]]
name = "rfe-canonical"
version = "1.0.0"

[[package]]
name = "rfe-closed-loop"
version = "1.0.0"
dependencies = [
 "rfe-canonical",
 "rfe-native-kernel",
]

[[package]]
name = "rfe-conformance"
version = "1.0.0"
dependencies = [
 "rfe-byzantine-federation",
 "rfe-canonical",
 "rfe-closed-loop",
 "rfe-cross-domain-atomic",
 "rfe-constitutional-reality",
 "rfe-federated-consensus",
 "rfe-multi-session",
 "rfe-native-kernel",
 "rfe-partition-healing",
 "rfe-replicated-authority",
]


[[package]]
name = "rfe-constitutional-reality"
version = "1.0.0"
dependencies = [
 "rfe-canonical",
]

[[package]]
name = "rfe-cross-domain-atomic"
version = "1.0.0"
dependencies = [
 "rfe-canonical",
 "rfe-replicated-authority",
]

[[package]]
name = "rfe-federated-consensus"
version = "1.0.0"
dependencies = [
 "rfe-canonical",
]

[[package]]
name = "rfe-multi-session"
version = "1.0.0"
dependencies = [
 "rfe-canonical",
 "rfe-closed-loop",
]

[[package]]
name = "rfe-native-kernel"
version = "1.0.0"
dependencies = [
 "rfe-canonical",
]

[[package]]
name = "rfe-partition-healing"
version = "1.0.0"
dependencies = [
 "rfe-canonical",
]

[[package]]
name = "rfe-replicated-authority"
version = "1.0.0"
dependencies = [
 "rfe-canonical",
 "rfe-closed-loop",
 "rfe-multi-session",
]
